// !$*UTF8*$!
{
	archiveVersion = 1;
	classes = {
	};
	objectVersion = 56;
	objects = {

/* Begin PBXBuildFile section */
		04775C412AB960E0005F9B4C /* OnSelectPageVC.swift in Sources */ = {isa = PBXBuildFile; fileRef = 04775C402AB960E0005F9B4C /* OnSelectPageVC.swift */; };
		04775C432AB96106005F9B4C /* OnSelectPageView.swift in Sources */ = {isa = PBXBuildFile; fileRef = 04775C422AB96106005F9B4C /* OnSelectPageView.swift */; };
		04775C452AB96E65005F9B4C /* CustomComments.swift in Sources */ = {isa = PBXBuildFile; fileRef = 04775C442AB96E65005F9B4C /* CustomComments.swift */; };
		047954252AC16C6F002BB17B /* LocationModel.swift in Sources */ = {isa = PBXBuildFile; fileRef = 047954242AC16C6F002BB17B /* LocationModel.swift */; };
		047954292AC180D2002BB17B /* Countries.json in Resources */ = {isa = PBXBuildFile; fileRef = 047954272AC180C8002BB17B /* Countries.json */; };
		0479542B2AC18DB2002BB17B /* newCountryModel.swift in Sources */ = {isa = PBXBuildFile; fileRef = 0479542A2AC18DB2002BB17B /* newCountryModel.swift */; };
		0493593D2AC42004009B6673 /* PropertyInfo.swift in Sources */ = {isa = PBXBuildFile; fileRef = 0493593C2AC42004009B6673 /* PropertyInfo.swift */; };
		0493593F2AC441DB009B6673 /* LanguageModel.swift in Sources */ = {isa = PBXBuildFile; fileRef = 0493593E2AC441DB009B6673 /* LanguageModel.swift */; };
		04956D292AB01D8A00540F44 /* CustomAdView.swift in Sources */ = {isa = PBXBuildFile; fileRef = 04956D282AB01D8A00540F44 /* CustomAdView.swift */; };
		04956D2E2AB06F4900540F44 /* ProfileItemVC.swift in Sources */ = {isa = PBXBuildFile; fileRef = 04956D2D2AB06F4900540F44 /* ProfileItemVC.swift */; };
		04956D302AB06F6A00540F44 /* ProfileItemView.swift in Sources */ = {isa = PBXBuildFile; fileRef = 04956D2F2AB06F6A00540F44 /* ProfileItemView.swift */; };
		04967AB12ABAC9E40035B359 /* FilterSelectorView.swift in Sources */ = {isa = PBXBuildFile; fileRef = 04967AB02ABAC9E40035B359 /* FilterSelectorView.swift */; };
		04967AB32ABAC9F40035B359 /* FilterSelectorVC.swift in Sources */ = {isa = PBXBuildFile; fileRef = 04967AB22ABAC9F40035B359 /* FilterSelectorVC.swift */; };
		04967AB52ABAD8BA0035B359 /* CustomSliderView.swift in Sources */ = {isa = PBXBuildFile; fileRef = 04967AB42ABAD8BA0035B359 /* CustomSliderView.swift */; };
		04967AB72ABAD9BB0035B359 /* CustomSelectorView.swift in Sources */ = {isa = PBXBuildFile; fileRef = 04967AB62ABAD9BB0035B359 /* CustomSelectorView.swift */; };
		04967ABE2ABB07280035B359 /* SlidableItemView.swift in Sources */ = {isa = PBXBuildFile; fileRef = 04967ABD2ABB07280035B359 /* SlidableItemView.swift */; };
		04967AC12ABB09440035B359 /* OnlyForTest.swift in Sources */ = {isa = PBXBuildFile; fileRef = 04967AC02ABB09440035B359 /* OnlyForTest.swift */; };
		049698542AAEFD6200CDD456 /* logModel.swift in Sources */ = {isa = PBXBuildFile; fileRef = 049698532AAEFD6200CDD456 /* logModel.swift */; };
		04978F872AB81E3C00BCACC5 /* RoomTableViewCell.swift in Sources */ = {isa = PBXBuildFile; fileRef = 04978F862AB81E3C00BCACC5 /* RoomTableViewCell.swift */; };
		04996CBA2AA46F8500DB618F /* Color.xcassets in Resources */ = {isa = PBXBuildFile; fileRef = 04996CB92AA46F8500DB618F /* Color.xcassets */; };
		04996CBF2AA4725300DB618F /* DIButton.swift in Sources */ = {isa = PBXBuildFile; fileRef = 04996CBE2AA4725300DB618F /* DIButton.swift */; };
		04996CC12AA489F600DB618F /* OnBoardingPageView.swift in Sources */ = {isa = PBXBuildFile; fileRef = 04996CC02AA489F600DB618F /* OnBoardingPageView.swift */; };
		04996CC42AA4A10200DB618F /* OnBoardingCollectionModel.swift in Sources */ = {isa = PBXBuildFile; fileRef = 04996CC32AA4A10200DB618F /* OnBoardingCollectionModel.swift */; };
		0499EA4D2AC55CF200E25B15 /* FirestoreDatabaseHelper.swift in Sources */ = {isa = PBXBuildFile; fileRef = 0499EA4C2AC55CF200E25B15 /* FirestoreDatabaseHelper.swift */; };
		049AB9CA2AC9440D007200A5 /* CustomTimer.swift in Sources */ = {isa = PBXBuildFile; fileRef = 049AB9C92AC9440D007200A5 /* CustomTimer.swift */; };
		049AF2AB2AB6D3800033EF2F /* DIHeaderTab.swift in Sources */ = {isa = PBXBuildFile; fileRef = 049AF2AA2AB6D3800033EF2F /* DIHeaderTab.swift */; };
		049AF2AD2AB70A600033EF2F /* FilterView.swift in Sources */ = {isa = PBXBuildFile; fileRef = 049AF2AC2AB70A600033EF2F /* FilterView.swift */; };
		049BEF602AA593EA00ED2B58 /* DIPageViewController.swift in Sources */ = {isa = PBXBuildFile; fileRef = 049BEF5F2AA593EA00ED2B58 /* DIPageViewController.swift */; };
		049BEF642AA5AD4E00ED2B58 /* DIHeaderView.swift in Sources */ = {isa = PBXBuildFile; fileRef = 049BEF632AA5AD4E00ED2B58 /* DIHeaderView.swift */; };
		049BEF672AA5B0B000ED2B58 /* LoginVC.swift in Sources */ = {isa = PBXBuildFile; fileRef = 049BEF662AA5B0B000ED2B58 /* LoginVC.swift */; };
		049BEF692AA5B0C800ED2B58 /* LoginView.swift in Sources */ = {isa = PBXBuildFile; fileRef = 049BEF682AA5B0C800ED2B58 /* LoginView.swift */; };
		049CF12C2AA9AA4B00FF2F1B /* CustomSearchBar.swift in Sources */ = {isa = PBXBuildFile; fileRef = 049CF12B2AA9AA4B00FF2F1B /* CustomSearchBar.swift */; };
		049CF12F2AA9D4D000FF2F1B /* RoomView.swift in Sources */ = {isa = PBXBuildFile; fileRef = 049CF12E2AA9D4D000FF2F1B /* RoomView.swift */; };
		049CF1312AA9D4ED00FF2F1B /* RoomVC.swift in Sources */ = {isa = PBXBuildFile; fileRef = 049CF1302AA9D4ED00FF2F1B /* RoomVC.swift */; };
		049CF1352AA9DC7600FF2F1B /* MainController.swift in Sources */ = {isa = PBXBuildFile; fileRef = 049CF1342AA9DC7600FF2F1B /* MainController.swift */; };
		049D3A922AAD8C1C004864E9 /* MyProfileView.swift in Sources */ = {isa = PBXBuildFile; fileRef = 049D3A912AAD8C1C004864E9 /* MyProfileView.swift */; };
		049D3A942AAD9379004864E9 /* MyProfileVC.swift in Sources */ = {isa = PBXBuildFile; fileRef = 049D3A932AAD9379004864E9 /* MyProfileVC.swift */; };
		049D3A962AAD9EE0004864E9 /* MyProfileCell.swift in Sources */ = {isa = PBXBuildFile; fileRef = 049D3A952AAD9EE0004864E9 /* MyProfileCell.swift */; };
		049D3A982AADA382004864E9 /* MyProfileModel.swift in Sources */ = {isa = PBXBuildFile; fileRef = 049D3A972AADA382004864E9 /* MyProfileModel.swift */; };
		049D3A9A2AADBE86004864E9 /* DICustomProfileView.swift in Sources */ = {isa = PBXBuildFile; fileRef = 049D3A992AADBE86004864E9 /* DICustomProfileView.swift */; };
		04A168A22AA835380065F607 /* DIOTPField.swift in Sources */ = {isa = PBXBuildFile; fileRef = 04A168A12AA835380065F607 /* DIOTPField.swift */; };
		04A168A52AA839600065F607 /* WelcomeView.swift in Sources */ = {isa = PBXBuildFile; fileRef = 04A168A42AA839600065F607 /* WelcomeView.swift */; };
		04A168A82AA83B6C0065F607 /* WelcomeVC.swift in Sources */ = {isa = PBXBuildFile; fileRef = 04A168A72AA83B6C0065F607 /* WelcomeVC.swift */; };
		04A168AB2AA840260065F607 /* NoConnectionVC.swift in Sources */ = {isa = PBXBuildFile; fileRef = 04A168AA2AA840260065F607 /* NoConnectionVC.swift */; };
		04A168AD2AA840480065F607 /* NoConnectionView.swift in Sources */ = {isa = PBXBuildFile; fileRef = 04A168AC2AA840480065F607 /* NoConnectionView.swift */; };
		04A168B02AA840B60065F607 /* RegistrationView.swift in Sources */ = {isa = PBXBuildFile; fileRef = 04A168AF2AA840B60065F607 /* RegistrationView.swift */; };
		04A168B22AA840E20065F607 /* RegistrationVC.swift in Sources */ = {isa = PBXBuildFile; fileRef = 04A168B12AA840E20065F607 /* RegistrationVC.swift */; };
		04A168B52AA854400065F607 /* DIPickerVC.swift in Sources */ = {isa = PBXBuildFile; fileRef = 04A168B42AA854400065F607 /* DIPickerVC.swift */; };
		04A168B72AA8544F0065F607 /* DIPickerView.swift in Sources */ = {isa = PBXBuildFile; fileRef = 04A168B62AA8544F0065F607 /* DIPickerView.swift */; };
		04A168B92AA854870065F607 /* DIPickerCell.swift in Sources */ = {isa = PBXBuildFile; fileRef = 04A168B82AA854870065F607 /* DIPickerCell.swift */; };
		04A168BB2AA8549C0065F607 /* DIPickerModel.swift in Sources */ = {isa = PBXBuildFile; fileRef = 04A168BA2AA8549C0065F607 /* DIPickerModel.swift */; };
		04B514A52AA71CAA00E99A1B /* OtpConfirmView.swift in Sources */ = {isa = PBXBuildFile; fileRef = 04B514A42AA71CAA00E99A1B /* OtpConfirmView.swift */; };
		04B514A72AA71CDB00E99A1B /* OtpConfirmVC.swift in Sources */ = {isa = PBXBuildFile; fileRef = 04B514A62AA71CDB00E99A1B /* OtpConfirmVC.swift */; };
		04CA49052AA43FEB00C69767 /* DITextField.swift in Sources */ = {isa = PBXBuildFile; fileRef = 04CA49042AA43FEB00C69767 /* DITextField.swift */; };
		04CA490D2AA44D3400C69767 /* OpenSans-Regular.ttf in Resources */ = {isa = PBXBuildFile; fileRef = 04CA490C2AA44D2D00C69767 /* OpenSans-Regular.ttf */; };
		04CA490E2AA44D3600C69767 /* OpenSans-SemiBold.ttf in Resources */ = {isa = PBXBuildFile; fileRef = 04CA490B2AA44D2D00C69767 /* OpenSans-SemiBold.ttf */; };
		04CA49102AA4530F00C69767 /* OnBoardingPageViewCell.swift in Sources */ = {isa = PBXBuildFile; fileRef = 04CA490F2AA4530F00C69767 /* OnBoardingPageViewCell.swift */; };
		E003B8862AB311AC0090EC9D /* FirebaseAnalytics in Frameworks */ = {isa = PBXBuildFile; productRef = E003B8852AB311AC0090EC9D /* FirebaseAnalytics */; };
		E003B8882AB311AC0090EC9D /* FirebaseAuth in Frameworks */ = {isa = PBXBuildFile; productRef = E003B8872AB311AC0090EC9D /* FirebaseAuth */; };
		E003B88A2AB311AC0090EC9D /* FirebaseCrashlytics in Frameworks */ = {isa = PBXBuildFile; productRef = E003B8892AB311AC0090EC9D /* FirebaseCrashlytics */; };
		E003B88C2AB311AC0090EC9D /* FirebaseFirestore in Frameworks */ = {isa = PBXBuildFile; productRef = E003B88B2AB311AC0090EC9D /* FirebaseFirestore */; };
		E003B88E2AB311AC0090EC9D /* FirebaseMessaging in Frameworks */ = {isa = PBXBuildFile; productRef = E003B88D2AB311AC0090EC9D /* FirebaseMessaging */; };
		E003B8902AB311C50090EC9D /* ViewController.swift in Sources */ = {isa = PBXBuildFile; fileRef = E003B88F2AB311C50090EC9D /* ViewController.swift */; };
		E003B8922AB313250090EC9D /* GoogleService-Info.plist in Resources */ = {isa = PBXBuildFile; fileRef = E003B8912AB313240090EC9D /* GoogleService-Info.plist */; };
		E0FE05C32AA439C1001DBDF5 /* AppDelegate.swift in Sources */ = {isa = PBXBuildFile; fileRef = E0FE05C22AA439C1001DBDF5 /* AppDelegate.swift */; };
		E0FE05C52AA439C1001DBDF5 /* SceneDelegate.swift in Sources */ = {isa = PBXBuildFile; fileRef = E0FE05C42AA439C1001DBDF5 /* SceneDelegate.swift */; };
		E0FE05C72AA439C1001DBDF5 /* OnBoardingPageVC.swift in Sources */ = {isa = PBXBuildFile; fileRef = E0FE05C62AA439C1001DBDF5 /* OnBoardingPageVC.swift */; };
		E0FE05CC2AA439C2001DBDF5 /* Assets.xcassets in Resources */ = {isa = PBXBuildFile; fileRef = E0FE05CB2AA439C2001DBDF5 /* Assets.xcassets */; };
		E0FE05CF2AA439C2001DBDF5 /* LaunchScreen.storyboard in Resources */ = {isa = PBXBuildFile; fileRef = E0FE05CD2AA439C2001DBDF5 /* LaunchScreen.storyboard */; };
		E0FE05D82AA43B57001DBDF5 /* IQKeyboardManagerSwift in Frameworks */ = {isa = PBXBuildFile; productRef = E0FE05D72AA43B57001DBDF5 /* IQKeyboardManagerSwift */; };
		E0FE05DB2AA43B7E001DBDF5 /* MBProgressHUD in Frameworks */ = {isa = PBXBuildFile; productRef = E0FE05DA2AA43B7E001DBDF5 /* MBProgressHUD */; };
		E0FE05DE2AA43C0B001DBDF5 /* KeychainAccess in Frameworks */ = {isa = PBXBuildFile; productRef = E0FE05DD2AA43C0B001DBDF5 /* KeychainAccess */; };
		E0FE05E12AA43CA2001DBDF5 /* Kingfisher in Frameworks */ = {isa = PBXBuildFile; productRef = E0FE05E02AA43CA2001DBDF5 /* Kingfisher */; };
		E0FE061D2AA43D1B001DBDF5 /* Validator.swift in Sources */ = {isa = PBXBuildFile; fileRef = E0FE05E92AA43D1B001DBDF5 /* Validator.swift */; };
		E0FE061E2AA43D1B001DBDF5 /* FieldValidator.swift in Sources */ = {isa = PBXBuildFile; fileRef = E0FE05EA2AA43D1B001DBDF5 /* FieldValidator.swift */; };
		E0FE061F2AA43D1B001DBDF5 /* Constants.swift in Sources */ = {isa = PBXBuildFile; fileRef = E0FE05EC2AA43D1B001DBDF5 /* Constants.swift */; };
		E0FE06202AA43D1B001DBDF5 /* ColorConstants.swift in Sources */ = {isa = PBXBuildFile; fileRef = E0FE05ED2AA43D1B001DBDF5 /* ColorConstants.swift */; };
		E0FE06212AA43D1B001DBDF5 /* FontConstants.swift in Sources */ = {isa = PBXBuildFile; fileRef = E0FE05EE2AA43D1B001DBDF5 /* FontConstants.swift */; };
		E0FE06232AA43D1B001DBDF5 /* BaseViewController.swift in Sources */ = {isa = PBXBuildFile; fileRef = E0FE05F12AA43D1B001DBDF5 /* BaseViewController.swift */; };
		E0FE06242AA43D1B001DBDF5 /* HorizontalStackView.swift in Sources */ = {isa = PBXBuildFile; fileRef = E0FE05F22AA43D1B001DBDF5 /* HorizontalStackView.swift */; };
		E0FE06252AA43D1B001DBDF5 /* VerticalStackView.swift in Sources */ = {isa = PBXBuildFile; fileRef = E0FE05F32AA43D1B001DBDF5 /* VerticalStackView.swift */; };
		E0FE06262AA43D1B001DBDF5 /* UILabel+Ext.swift in Sources */ = {isa = PBXBuildFile; fileRef = E0FE05F52AA43D1B001DBDF5 /* UILabel+Ext.swift */; };
		E0FE06272AA43D1B001DBDF5 /* UIImageView+Ext.swift in Sources */ = {isa = PBXBuildFile; fileRef = E0FE05F62AA43D1B001DBDF5 /* UIImageView+Ext.swift */; };
		E0FE06282AA43D1B001DBDF5 /* UIControl+Ext.swift in Sources */ = {isa = PBXBuildFile; fileRef = E0FE05F72AA43D1B001DBDF5 /* UIControl+Ext.swift */; };
		E0FE06292AA43D1B001DBDF5 /* Gradient+Ext.swift in Sources */ = {isa = PBXBuildFile; fileRef = E0FE05F82AA43D1B001DBDF5 /* Gradient+Ext.swift */; };
		E0FE062A2AA43D1B001DBDF5 /* UICollectionView+Ext.swift in Sources */ = {isa = PBXBuildFile; fileRef = E0FE05F92AA43D1B001DBDF5 /* UICollectionView+Ext.swift */; };
		E0FE062B2AA43D1B001DBDF5 /* Double+Ext.swift in Sources */ = {isa = PBXBuildFile; fileRef = E0FE05FA2AA43D1B001DBDF5 /* Double+Ext.swift */; };
		E0FE062C2AA43D1B001DBDF5 /* UITextField+Ext.swift in Sources */ = {isa = PBXBuildFile; fileRef = E0FE05FB2AA43D1B001DBDF5 /* UITextField+Ext.swift */; };
		E0FE062D2AA43D1B001DBDF5 /* Bundle+Ext.swift in Sources */ = {isa = PBXBuildFile; fileRef = E0FE05FC2AA43D1B001DBDF5 /* Bundle+Ext.swift */; };
		E0FE062E2AA43D1B001DBDF5 /* UINavigationController+Ext.swift in Sources */ = {isa = PBXBuildFile; fileRef = E0FE05FD2AA43D1B001DBDF5 /* UINavigationController+Ext.swift */; };
		E0FE062F2AA43D1B001DBDF5 /* UIButton+Ext.swift in Sources */ = {isa = PBXBuildFile; fileRef = E0FE05FE2AA43D1B001DBDF5 /* UIButton+Ext.swift */; };
		E0FE06302AA43D1B001DBDF5 /* String+Ext.swift in Sources */ = {isa = PBXBuildFile; fileRef = E0FE05FF2AA43D1B001DBDF5 /* String+Ext.swift */; };
		E0FE06312AA43D1B001DBDF5 /* UITapGestureRecognizer+Ext.swift in Sources */ = {isa = PBXBuildFile; fileRef = E0FE06002AA43D1B001DBDF5 /* UITapGestureRecognizer+Ext.swift */; };
		E0FE06322AA43D1B001DBDF5 /* Collection+Ext.swift in Sources */ = {isa = PBXBuildFile; fileRef = E0FE06012AA43D1B001DBDF5 /* Collection+Ext.swift */; };
		E0FE06332AA43D1B001DBDF5 /* UIAnchor+Ext.swift in Sources */ = {isa = PBXBuildFile; fileRef = E0FE06022AA43D1B001DBDF5 /* UIAnchor+Ext.swift */; };
		E0FE06342AA43D1B001DBDF5 /* UIViewController+Ext.swift in Sources */ = {isa = PBXBuildFile; fileRef = E0FE06032AA43D1B001DBDF5 /* UIViewController+Ext.swift */; };
		E0FE06352AA43D1B001DBDF5 /* UIView+Ext.swift in Sources */ = {isa = PBXBuildFile; fileRef = E0FE06042AA43D1B001DBDF5 /* UIView+Ext.swift */; };
		E0FE063F2AA43D1B001DBDF5 /* TimeFormatter.swift in Sources */ = {isa = PBXBuildFile; fileRef = E0FE06102AA43D1B001DBDF5 /* TimeFormatter.swift */; };
		E0FE06402AA43D1B001DBDF5 /* EmailValidator.swift in Sources */ = {isa = PBXBuildFile; fileRef = E0FE06112AA43D1B001DBDF5 /* EmailValidator.swift */; };
		E0FE06422AA43D1B001DBDF5 /* AlertHelper.swift in Sources */ = {isa = PBXBuildFile; fileRef = E0FE06132AA43D1B001DBDF5 /* AlertHelper.swift */; };
		E0FE06432AA43D1B001DBDF5 /* UserDefaultsHelper.swift in Sources */ = {isa = PBXBuildFile; fileRef = E0FE06142AA43D1B001DBDF5 /* UserDefaultsHelper.swift */; };
		E0FE06442AA43D1B001DBDF5 /* ImagePickerHelper.swift in Sources */ = {isa = PBXBuildFile; fileRef = E0FE06152AA43D1B001DBDF5 /* ImagePickerHelper.swift */; };
		E0FE06452AA43D1B001DBDF5 /* CameraHandler.swift in Sources */ = {isa = PBXBuildFile; fileRef = E0FE06162AA43D1B001DBDF5 /* CameraHandler.swift */; };
		E0FE06462AA43D1B001DBDF5 /* PhoneCodeHelper.swift in Sources */ = {isa = PBXBuildFile; fileRef = E0FE06172AA43D1B001DBDF5 /* PhoneCodeHelper.swift */; };
		E0FE06472AA43D1B001DBDF5 /* EnvironmentHelper.swift in Sources */ = {isa = PBXBuildFile; fileRef = E0FE06182AA43D1B001DBDF5 /* EnvironmentHelper.swift */; };
		E0FE06482AA43D1B001DBDF5 /* DateConverterHelper.swift in Sources */ = {isa = PBXBuildFile; fileRef = E0FE06192AA43D1B001DBDF5 /* DateConverterHelper.swift */; };
		E0FE064A2AA43D1B001DBDF5 /* Connectivity.swift in Sources */ = {isa = PBXBuildFile; fileRef = E0FE061B2AA43D1B001DBDF5 /* Connectivity.swift */; };
/* End PBXBuildFile section */

/* Begin PBXFileReference section */
		04775C402AB960E0005F9B4C /* OnSelectPageVC.swift */ = {isa = PBXFileReference; lastKnownFileType = sourcecode.swift; path = OnSelectPageVC.swift; sourceTree = "<group>"; };
		04775C422AB96106005F9B4C /* OnSelectPageView.swift */ = {isa = PBXFileReference; lastKnownFileType = sourcecode.swift; path = OnSelectPageView.swift; sourceTree = "<group>"; };
		04775C442AB96E65005F9B4C /* CustomComments.swift */ = {isa = PBXFileReference; lastKnownFileType = sourcecode.swift; path = CustomComments.swift; sourceTree = "<group>"; };
		047954242AC16C6F002BB17B /* LocationModel.swift */ = {isa = PBXFileReference; lastKnownFileType = sourcecode.swift; path = LocationModel.swift; sourceTree = "<group>"; };
		047954272AC180C8002BB17B /* Countries.json */ = {isa = PBXFileReference; fileEncoding = 4; lastKnownFileType = text.json; path = Countries.json; sourceTree = "<group>"; };
		0479542A2AC18DB2002BB17B /* newCountryModel.swift */ = {isa = PBXFileReference; lastKnownFileType = sourcecode.swift; path = newCountryModel.swift; sourceTree = "<group>"; };
		0493593C2AC42004009B6673 /* PropertyInfo.swift */ = {isa = PBXFileReference; lastKnownFileType = sourcecode.swift; path = PropertyInfo.swift; sourceTree = "<group>"; };
		0493593E2AC441DB009B6673 /* LanguageModel.swift */ = {isa = PBXFileReference; lastKnownFileType = sourcecode.swift; path = LanguageModel.swift; sourceTree = "<group>"; };
		04956D282AB01D8A00540F44 /* CustomAdView.swift */ = {isa = PBXFileReference; lastKnownFileType = sourcecode.swift; path = CustomAdView.swift; sourceTree = "<group>"; };
		04956D2D2AB06F4900540F44 /* ProfileItemVC.swift */ = {isa = PBXFileReference; lastKnownFileType = sourcecode.swift; path = ProfileItemVC.swift; sourceTree = "<group>"; };
		04956D2F2AB06F6A00540F44 /* ProfileItemView.swift */ = {isa = PBXFileReference; lastKnownFileType = sourcecode.swift; path = ProfileItemView.swift; sourceTree = "<group>"; };
		04967AB02ABAC9E40035B359 /* FilterSelectorView.swift */ = {isa = PBXFileReference; lastKnownFileType = sourcecode.swift; path = FilterSelectorView.swift; sourceTree = "<group>"; };
		04967AB22ABAC9F40035B359 /* FilterSelectorVC.swift */ = {isa = PBXFileReference; lastKnownFileType = sourcecode.swift; path = FilterSelectorVC.swift; sourceTree = "<group>"; };
		04967AB42ABAD8BA0035B359 /* CustomSliderView.swift */ = {isa = PBXFileReference; lastKnownFileType = sourcecode.swift; path = CustomSliderView.swift; sourceTree = "<group>"; };
		04967AB62ABAD9BB0035B359 /* CustomSelectorView.swift */ = {isa = PBXFileReference; lastKnownFileType = sourcecode.swift; path = CustomSelectorView.swift; sourceTree = "<group>"; };
		04967ABD2ABB07280035B359 /* SlidableItemView.swift */ = {isa = PBXFileReference; lastKnownFileType = sourcecode.swift; path = SlidableItemView.swift; sourceTree = "<group>"; };
		04967AC02ABB09440035B359 /* OnlyForTest.swift */ = {isa = PBXFileReference; lastKnownFileType = sourcecode.swift; path = OnlyForTest.swift; sourceTree = "<group>"; };
		049698532AAEFD6200CDD456 /* logModel.swift */ = {isa = PBXFileReference; lastKnownFileType = sourcecode.swift; path = logModel.swift; sourceTree = "<group>"; };
		04978F862AB81E3C00BCACC5 /* RoomTableViewCell.swift */ = {isa = PBXFileReference; lastKnownFileType = sourcecode.swift; path = RoomTableViewCell.swift; sourceTree = "<group>"; };
		04996CB92AA46F8500DB618F /* Color.xcassets */ = {isa = PBXFileReference; lastKnownFileType = folder.assetcatalog; path = Color.xcassets; sourceTree = "<group>"; };
		04996CBE2AA4725300DB618F /* DIButton.swift */ = {isa = PBXFileReference; lastKnownFileType = sourcecode.swift; path = DIButton.swift; sourceTree = "<group>"; };
		04996CC02AA489F600DB618F /* OnBoardingPageView.swift */ = {isa = PBXFileReference; lastKnownFileType = sourcecode.swift; path = OnBoardingPageView.swift; sourceTree = "<group>"; };
		04996CC32AA4A10200DB618F /* OnBoardingCollectionModel.swift */ = {isa = PBXFileReference; lastKnownFileType = sourcecode.swift; path = OnBoardingCollectionModel.swift; sourceTree = "<group>"; };
		0499EA4C2AC55CF200E25B15 /* FirestoreDatabaseHelper.swift */ = {isa = PBXFileReference; fileEncoding = 4; lastKnownFileType = sourcecode.swift; path = FirestoreDatabaseHelper.swift; sourceTree = "<group>"; };
		049AB9C92AC9440D007200A5 /* CustomTimer.swift */ = {isa = PBXFileReference; lastKnownFileType = sourcecode.swift; path = CustomTimer.swift; sourceTree = "<group>"; };
		049AF2AA2AB6D3800033EF2F /* DIHeaderTab.swift */ = {isa = PBXFileReference; lastKnownFileType = sourcecode.swift; path = DIHeaderTab.swift; sourceTree = "<group>"; };
		049AF2AC2AB70A600033EF2F /* FilterView.swift */ = {isa = PBXFileReference; lastKnownFileType = sourcecode.swift; path = FilterView.swift; sourceTree = "<group>"; };
		049BEF5F2AA593EA00ED2B58 /* DIPageViewController.swift */ = {isa = PBXFileReference; lastKnownFileType = sourcecode.swift; path = DIPageViewController.swift; sourceTree = "<group>"; };
		049BEF632AA5AD4E00ED2B58 /* DIHeaderView.swift */ = {isa = PBXFileReference; lastKnownFileType = sourcecode.swift; path = DIHeaderView.swift; sourceTree = "<group>"; };
		049BEF662AA5B0B000ED2B58 /* LoginVC.swift */ = {isa = PBXFileReference; lastKnownFileType = sourcecode.swift; path = LoginVC.swift; sourceTree = "<group>"; };
		049BEF682AA5B0C800ED2B58 /* LoginView.swift */ = {isa = PBXFileReference; lastKnownFileType = sourcecode.swift; path = LoginView.swift; sourceTree = "<group>"; };
		049CF12B2AA9AA4B00FF2F1B /* CustomSearchBar.swift */ = {isa = PBXFileReference; lastKnownFileType = sourcecode.swift; path = CustomSearchBar.swift; sourceTree = "<group>"; };
		049CF12E2AA9D4D000FF2F1B /* RoomView.swift */ = {isa = PBXFileReference; lastKnownFileType = sourcecode.swift; path = RoomView.swift; sourceTree = "<group>"; };
		049CF1302AA9D4ED00FF2F1B /* RoomVC.swift */ = {isa = PBXFileReference; lastKnownFileType = sourcecode.swift; path = RoomVC.swift; sourceTree = "<group>"; };
		049CF1342AA9DC7600FF2F1B /* MainController.swift */ = {isa = PBXFileReference; lastKnownFileType = sourcecode.swift; path = MainController.swift; sourceTree = "<group>"; };
		049D3A912AAD8C1C004864E9 /* MyProfileView.swift */ = {isa = PBXFileReference; lastKnownFileType = sourcecode.swift; path = MyProfileView.swift; sourceTree = "<group>"; };
		049D3A932AAD9379004864E9 /* MyProfileVC.swift */ = {isa = PBXFileReference; lastKnownFileType = sourcecode.swift; path = MyProfileVC.swift; sourceTree = "<group>"; };
		049D3A952AAD9EE0004864E9 /* MyProfileCell.swift */ = {isa = PBXFileReference; lastKnownFileType = sourcecode.swift; path = MyProfileCell.swift; sourceTree = "<group>"; };
		049D3A972AADA382004864E9 /* MyProfileModel.swift */ = {isa = PBXFileReference; lastKnownFileType = sourcecode.swift; path = MyProfileModel.swift; sourceTree = "<group>"; };
		049D3A992AADBE86004864E9 /* DICustomProfileView.swift */ = {isa = PBXFileReference; lastKnownFileType = sourcecode.swift; path = DICustomProfileView.swift; sourceTree = "<group>"; };
		04A168A12AA835380065F607 /* DIOTPField.swift */ = {isa = PBXFileReference; fileEncoding = 4; lastKnownFileType = sourcecode.swift; path = DIOTPField.swift; sourceTree = "<group>"; };
		04A168A42AA839600065F607 /* WelcomeView.swift */ = {isa = PBXFileReference; lastKnownFileType = sourcecode.swift; path = WelcomeView.swift; sourceTree = "<group>"; };
		04A168A62AA839EB0065F607 /* OpenSans-Bold.ttf */ = {isa = PBXFileReference; lastKnownFileType = file; path = "OpenSans-Bold.ttf"; sourceTree = "<group>"; };
		04A168A72AA83B6C0065F607 /* WelcomeVC.swift */ = {isa = PBXFileReference; lastKnownFileType = sourcecode.swift; path = WelcomeVC.swift; sourceTree = "<group>"; };
		04A168AA2AA840260065F607 /* NoConnectionVC.swift */ = {isa = PBXFileReference; lastKnownFileType = sourcecode.swift; path = NoConnectionVC.swift; sourceTree = "<group>"; };
		04A168AC2AA840480065F607 /* NoConnectionView.swift */ = {isa = PBXFileReference; lastKnownFileType = sourcecode.swift; path = NoConnectionView.swift; sourceTree = "<group>"; };
		04A168AF2AA840B60065F607 /* RegistrationView.swift */ = {isa = PBXFileReference; lastKnownFileType = sourcecode.swift; path = RegistrationView.swift; sourceTree = "<group>"; };
		04A168B12AA840E20065F607 /* RegistrationVC.swift */ = {isa = PBXFileReference; lastKnownFileType = sourcecode.swift; path = RegistrationVC.swift; sourceTree = "<group>"; };
		04A168B42AA854400065F607 /* DIPickerVC.swift */ = {isa = PBXFileReference; lastKnownFileType = sourcecode.swift; path = DIPickerVC.swift; sourceTree = "<group>"; };
		04A168B62AA8544F0065F607 /* DIPickerView.swift */ = {isa = PBXFileReference; lastKnownFileType = sourcecode.swift; path = DIPickerView.swift; sourceTree = "<group>"; };
		04A168B82AA854870065F607 /* DIPickerCell.swift */ = {isa = PBXFileReference; lastKnownFileType = sourcecode.swift; path = DIPickerCell.swift; sourceTree = "<group>"; };
		04A168BA2AA8549C0065F607 /* DIPickerModel.swift */ = {isa = PBXFileReference; lastKnownFileType = sourcecode.swift; path = DIPickerModel.swift; sourceTree = "<group>"; };
		04B514A42AA71CAA00E99A1B /* OtpConfirmView.swift */ = {isa = PBXFileReference; lastKnownFileType = sourcecode.swift; path = OtpConfirmView.swift; sourceTree = "<group>"; };
		04B514A62AA71CDB00E99A1B /* OtpConfirmVC.swift */ = {isa = PBXFileReference; lastKnownFileType = sourcecode.swift; path = OtpConfirmVC.swift; sourceTree = "<group>"; };
		04CA49042AA43FEB00C69767 /* DITextField.swift */ = {isa = PBXFileReference; lastKnownFileType = sourcecode.swift; path = DITextField.swift; sourceTree = "<group>"; };
		04CA490B2AA44D2D00C69767 /* OpenSans-SemiBold.ttf */ = {isa = PBXFileReference; lastKnownFileType = file; path = "OpenSans-SemiBold.ttf"; sourceTree = "<group>"; };
		04CA490C2AA44D2D00C69767 /* OpenSans-Regular.ttf */ = {isa = PBXFileReference; lastKnownFileType = file; path = "OpenSans-Regular.ttf"; sourceTree = "<group>"; };
		04CA490F2AA4530F00C69767 /* OnBoardingPageViewCell.swift */ = {isa = PBXFileReference; lastKnownFileType = sourcecode.swift; path = OnBoardingPageViewCell.swift; sourceTree = "<group>"; };
		E003B88F2AB311C50090EC9D /* ViewController.swift */ = {isa = PBXFileReference; lastKnownFileType = sourcecode.swift; path = ViewController.swift; sourceTree = "<group>"; };
		E003B8912AB313240090EC9D /* GoogleService-Info.plist */ = {isa = PBXFileReference; fileEncoding = 4; lastKnownFileType = text.plist.xml; path = "GoogleService-Info.plist"; sourceTree = "<group>"; };
		E0C26D242AC3233700E1073F /* Discovero.entitlements */ = {isa = PBXFileReference; lastKnownFileType = text.plist.entitlements; path = Discovero.entitlements; sourceTree = "<group>"; };
		E0FE05BF2AA439C1001DBDF5 /* Discovero.app */ = {isa = PBXFileReference; explicitFileType = wrapper.application; includeInIndex = 0; path = Discovero.app; sourceTree = BUILT_PRODUCTS_DIR; };
		E0FE05C22AA439C1001DBDF5 /* AppDelegate.swift */ = {isa = PBXFileReference; lastKnownFileType = sourcecode.swift; path = AppDelegate.swift; sourceTree = "<group>"; };
		E0FE05C42AA439C1001DBDF5 /* SceneDelegate.swift */ = {isa = PBXFileReference; lastKnownFileType = sourcecode.swift; path = SceneDelegate.swift; sourceTree = "<group>"; };
		E0FE05C62AA439C1001DBDF5 /* OnBoardingPageVC.swift */ = {isa = PBXFileReference; lastKnownFileType = sourcecode.swift; path = OnBoardingPageVC.swift; sourceTree = "<group>"; };
		E0FE05CB2AA439C2001DBDF5 /* Assets.xcassets */ = {isa = PBXFileReference; lastKnownFileType = folder.assetcatalog; path = Assets.xcassets; sourceTree = "<group>"; };
		E0FE05CE2AA439C2001DBDF5 /* Base */ = {isa = PBXFileReference; lastKnownFileType = file.storyboard; name = Base; path = Base.lproj/LaunchScreen.storyboard; sourceTree = "<group>"; };
		E0FE05D02AA439C2001DBDF5 /* Info.plist */ = {isa = PBXFileReference; lastKnownFileType = text.plist.xml; path = Info.plist; sourceTree = "<group>"; };
		E0FE05E92AA43D1B001DBDF5 /* Validator.swift */ = {isa = PBXFileReference; fileEncoding = 4; lastKnownFileType = sourcecode.swift; path = Validator.swift; sourceTree = "<group>"; };
		E0FE05EA2AA43D1B001DBDF5 /* FieldValidator.swift */ = {isa = PBXFileReference; fileEncoding = 4; lastKnownFileType = sourcecode.swift; path = FieldValidator.swift; sourceTree = "<group>"; };
		E0FE05EC2AA43D1B001DBDF5 /* Constants.swift */ = {isa = PBXFileReference; fileEncoding = 4; lastKnownFileType = sourcecode.swift; path = Constants.swift; sourceTree = "<group>"; };
		E0FE05ED2AA43D1B001DBDF5 /* ColorConstants.swift */ = {isa = PBXFileReference; fileEncoding = 4; lastKnownFileType = sourcecode.swift; path = ColorConstants.swift; sourceTree = "<group>"; };
		E0FE05EE2AA43D1B001DBDF5 /* FontConstants.swift */ = {isa = PBXFileReference; fileEncoding = 4; lastKnownFileType = sourcecode.swift; path = FontConstants.swift; sourceTree = "<group>"; };
		E0FE05F12AA43D1B001DBDF5 /* BaseViewController.swift */ = {isa = PBXFileReference; fileEncoding = 4; lastKnownFileType = sourcecode.swift; path = BaseViewController.swift; sourceTree = "<group>"; };
		E0FE05F22AA43D1B001DBDF5 /* HorizontalStackView.swift */ = {isa = PBXFileReference; fileEncoding = 4; lastKnownFileType = sourcecode.swift; path = HorizontalStackView.swift; sourceTree = "<group>"; };
		E0FE05F32AA43D1B001DBDF5 /* VerticalStackView.swift */ = {isa = PBXFileReference; fileEncoding = 4; lastKnownFileType = sourcecode.swift; path = VerticalStackView.swift; sourceTree = "<group>"; };
		E0FE05F52AA43D1B001DBDF5 /* UILabel+Ext.swift */ = {isa = PBXFileReference; fileEncoding = 4; lastKnownFileType = sourcecode.swift; path = "UILabel+Ext.swift"; sourceTree = "<group>"; };
		E0FE05F62AA43D1B001DBDF5 /* UIImageView+Ext.swift */ = {isa = PBXFileReference; fileEncoding = 4; lastKnownFileType = sourcecode.swift; path = "UIImageView+Ext.swift"; sourceTree = "<group>"; };
		E0FE05F72AA43D1B001DBDF5 /* UIControl+Ext.swift */ = {isa = PBXFileReference; fileEncoding = 4; lastKnownFileType = sourcecode.swift; path = "UIControl+Ext.swift"; sourceTree = "<group>"; };
		E0FE05F82AA43D1B001DBDF5 /* Gradient+Ext.swift */ = {isa = PBXFileReference; fileEncoding = 4; lastKnownFileType = sourcecode.swift; path = "Gradient+Ext.swift"; sourceTree = "<group>"; };
		E0FE05F92AA43D1B001DBDF5 /* UICollectionView+Ext.swift */ = {isa = PBXFileReference; fileEncoding = 4; lastKnownFileType = sourcecode.swift; path = "UICollectionView+Ext.swift"; sourceTree = "<group>"; };
		E0FE05FA2AA43D1B001DBDF5 /* Double+Ext.swift */ = {isa = PBXFileReference; fileEncoding = 4; lastKnownFileType = sourcecode.swift; path = "Double+Ext.swift"; sourceTree = "<group>"; };
		E0FE05FB2AA43D1B001DBDF5 /* UITextField+Ext.swift */ = {isa = PBXFileReference; fileEncoding = 4; lastKnownFileType = sourcecode.swift; path = "UITextField+Ext.swift"; sourceTree = "<group>"; };
		E0FE05FC2AA43D1B001DBDF5 /* Bundle+Ext.swift */ = {isa = PBXFileReference; fileEncoding = 4; lastKnownFileType = sourcecode.swift; path = "Bundle+Ext.swift"; sourceTree = "<group>"; };
		E0FE05FD2AA43D1B001DBDF5 /* UINavigationController+Ext.swift */ = {isa = PBXFileReference; fileEncoding = 4; lastKnownFileType = sourcecode.swift; path = "UINavigationController+Ext.swift"; sourceTree = "<group>"; };
		E0FE05FE2AA43D1B001DBDF5 /* UIButton+Ext.swift */ = {isa = PBXFileReference; fileEncoding = 4; lastKnownFileType = sourcecode.swift; path = "UIButton+Ext.swift"; sourceTree = "<group>"; };
		E0FE05FF2AA43D1B001DBDF5 /* String+Ext.swift */ = {isa = PBXFileReference; fileEncoding = 4; lastKnownFileType = sourcecode.swift; path = "String+Ext.swift"; sourceTree = "<group>"; };
		E0FE06002AA43D1B001DBDF5 /* UITapGestureRecognizer+Ext.swift */ = {isa = PBXFileReference; fileEncoding = 4; lastKnownFileType = sourcecode.swift; path = "UITapGestureRecognizer+Ext.swift"; sourceTree = "<group>"; };
		E0FE06012AA43D1B001DBDF5 /* Collection+Ext.swift */ = {isa = PBXFileReference; fileEncoding = 4; lastKnownFileType = sourcecode.swift; path = "Collection+Ext.swift"; sourceTree = "<group>"; };
		E0FE06022AA43D1B001DBDF5 /* UIAnchor+Ext.swift */ = {isa = PBXFileReference; fileEncoding = 4; lastKnownFileType = sourcecode.swift; path = "UIAnchor+Ext.swift"; sourceTree = "<group>"; };
		E0FE06032AA43D1B001DBDF5 /* UIViewController+Ext.swift */ = {isa = PBXFileReference; fileEncoding = 4; lastKnownFileType = sourcecode.swift; path = "UIViewController+Ext.swift"; sourceTree = "<group>"; };
		E0FE06042AA43D1B001DBDF5 /* UIView+Ext.swift */ = {isa = PBXFileReference; fileEncoding = 4; lastKnownFileType = sourcecode.swift; path = "UIView+Ext.swift"; sourceTree = "<group>"; };
		E0FE06102AA43D1B001DBDF5 /* TimeFormatter.swift */ = {isa = PBXFileReference; fileEncoding = 4; lastKnownFileType = sourcecode.swift; path = TimeFormatter.swift; sourceTree = "<group>"; };
		E0FE06112AA43D1B001DBDF5 /* EmailValidator.swift */ = {isa = PBXFileReference; fileEncoding = 4; lastKnownFileType = sourcecode.swift; path = EmailValidator.swift; sourceTree = "<group>"; };
		E0FE06132AA43D1B001DBDF5 /* AlertHelper.swift */ = {isa = PBXFileReference; fileEncoding = 4; lastKnownFileType = sourcecode.swift; path = AlertHelper.swift; sourceTree = "<group>"; };
		E0FE06142AA43D1B001DBDF5 /* UserDefaultsHelper.swift */ = {isa = PBXFileReference; fileEncoding = 4; lastKnownFileType = sourcecode.swift; path = UserDefaultsHelper.swift; sourceTree = "<group>"; };
		E0FE06152AA43D1B001DBDF5 /* ImagePickerHelper.swift */ = {isa = PBXFileReference; fileEncoding = 4; lastKnownFileType = sourcecode.swift; path = ImagePickerHelper.swift; sourceTree = "<group>"; };
		E0FE06162AA43D1B001DBDF5 /* CameraHandler.swift */ = {isa = PBXFileReference; fileEncoding = 4; lastKnownFileType = sourcecode.swift; path = CameraHandler.swift; sourceTree = "<group>"; };
		E0FE06172AA43D1B001DBDF5 /* PhoneCodeHelper.swift */ = {isa = PBXFileReference; fileEncoding = 4; lastKnownFileType = sourcecode.swift; path = PhoneCodeHelper.swift; sourceTree = "<group>"; };
		E0FE06182AA43D1B001DBDF5 /* EnvironmentHelper.swift */ = {isa = PBXFileReference; fileEncoding = 4; lastKnownFileType = sourcecode.swift; path = EnvironmentHelper.swift; sourceTree = "<group>"; };
		E0FE06192AA43D1B001DBDF5 /* DateConverterHelper.swift */ = {isa = PBXFileReference; fileEncoding = 4; lastKnownFileType = sourcecode.swift; path = DateConverterHelper.swift; sourceTree = "<group>"; };
		E0FE061B2AA43D1B001DBDF5 /* Connectivity.swift */ = {isa = PBXFileReference; fileEncoding = 4; lastKnownFileType = sourcecode.swift; path = Connectivity.swift; sourceTree = "<group>"; };
/* End PBXFileReference section */

/* Begin PBXFrameworksBuildPhase section */
		E0FE05BC2AA439C1001DBDF5 /* Frameworks */ = {
			isa = PBXFrameworksBuildPhase;
			buildActionMask = 2147483647;
			files = (
				E003B88E2AB311AC0090EC9D /* FirebaseMessaging in Frameworks */,
				E0FE05E12AA43CA2001DBDF5 /* Kingfisher in Frameworks */,
				E003B8882AB311AC0090EC9D /* FirebaseAuth in Frameworks */,
				E0FE05DB2AA43B7E001DBDF5 /* MBProgressHUD in Frameworks */,
				E003B88A2AB311AC0090EC9D /* FirebaseCrashlytics in Frameworks */,
				E0FE05D82AA43B57001DBDF5 /* IQKeyboardManagerSwift in Frameworks */,
				E003B88C2AB311AC0090EC9D /* FirebaseFirestore in Frameworks */,
				E003B8862AB311AC0090EC9D /* FirebaseAnalytics in Frameworks */,
				E0FE05DE2AA43C0B001DBDF5 /* KeychainAccess in Frameworks */,
			);
			runOnlyForDeploymentPostprocessing = 0;
		};
/* End PBXFrameworksBuildPhase section */

/* Begin PBXGroup section */
		04775C3F2AB96085005F9B4C /* OnSelectPage */ = {
			isa = PBXGroup;
			children = (
				04775C402AB960E0005F9B4C /* OnSelectPageVC.swift */,
				04775C422AB96106005F9B4C /* OnSelectPageView.swift */,
			);
			path = OnSelectPage;
			sourceTree = "<group>";
		};
		047954262AC180AD002BB17B /* JSON Files */ = {
			isa = PBXGroup;
			children = (
				047954272AC180C8002BB17B /* Countries.json */,
			);
			path = "JSON Files";
			sourceTree = "<group>";
		};
		04956D2C2AB06F2000540F44 /* updateEmail */ = {
			isa = PBXGroup;
			children = (
				04956D2D2AB06F4900540F44 /* ProfileItemVC.swift */,
				04956D2F2AB06F6A00540F44 /* ProfileItemView.swift */,
			);
			path = updateEmail;
			sourceTree = "<group>";
		};
		04967AAF2ABAC9CF0035B359 /* Filter */ = {
			isa = PBXGroup;
			children = (
				04967AB02ABAC9E40035B359 /* FilterSelectorView.swift */,
				04967AB22ABAC9F40035B359 /* FilterSelectorVC.swift */,
			);
			path = Filter;
			sourceTree = "<group>";
		};
		04967ABF2ABB092C0035B359 /* OnlyForTest */ = {
			isa = PBXGroup;
			children = (
				04967AC02ABB09440035B359 /* OnlyForTest.swift */,
			);
			path = OnlyForTest;
			sourceTree = "<group>";
		};
		04996CB82AA46E5E00DB618F /* Modules */ = {
			isa = PBXGroup;
			children = (
				04967ABF2ABB092C0035B359 /* OnlyForTest */,
				04967AAF2ABAC9CF0035B359 /* Filter */,
				04775C3F2AB96085005F9B4C /* OnSelectPage */,
				049CF12D2AA9D46900FF2F1B /* Room */,
				04A168B32AA854260065F607 /* DiPicker */,
				049BEF652AA5B08D00ED2B58 /* Login */,
				049CF1322AA9DC3D00FF2F1B /* MainTabBar */,
				049D3A902AAD8BFD004864E9 /* MyProfile */,
				04A168A92AA83FF80065F607 /* NoConnection */,
				04CA49112AA45E1600C69767 /* OnBoardingPage */,
				04B514A32AA71C8400E99A1B /* OTPConfirm */,
				04A168AE2AA840990065F607 /* Registration */,
				04956D2C2AB06F2000540F44 /* updateEmail */,
				04A168A32AA8394B0065F607 /* Welcome */,
			);
			path = Modules;
			sourceTree = "<group>";
		};
		04996CBD2AA4723700DB618F /* CustomViews */ = {
			isa = PBXGroup;
			children = (
				04996CBE2AA4725300DB618F /* DIButton.swift */,
				049BEF5F2AA593EA00ED2B58 /* DIPageViewController.swift */,
				049BEF632AA5AD4E00ED2B58 /* DIHeaderView.swift */,
				04A168A12AA835380065F607 /* DIOTPField.swift */,
				04CA49042AA43FEB00C69767 /* DITextField.swift */,
				049CF12B2AA9AA4B00FF2F1B /* CustomSearchBar.swift */,
				049D3A992AADBE86004864E9 /* DICustomProfileView.swift */,
				04956D282AB01D8A00540F44 /* CustomAdView.swift */,
				049AF2AA2AB6D3800033EF2F /* DIHeaderTab.swift */,
				049AF2AC2AB70A600033EF2F /* FilterView.swift */,
				04775C442AB96E65005F9B4C /* CustomComments.swift */,
				04967AB42ABAD8BA0035B359 /* CustomSliderView.swift */,
				04967AB62ABAD9BB0035B359 /* CustomSelectorView.swift */,
				04967ABD2ABB07280035B359 /* SlidableItemView.swift */,
				049AB9C92AC9440D007200A5 /* CustomTimer.swift */,
			);
			path = CustomViews;
			sourceTree = "<group>";
		};
		04996CC22AA4A0C800DB618F /* Model */ = {
			isa = PBXGroup;
			children = (
				04996CC32AA4A10200DB618F /* OnBoardingCollectionModel.swift */,
				049D3A972AADA382004864E9 /* MyProfileModel.swift */,
				049698532AAEFD6200CDD456 /* logModel.swift */,
				047954242AC16C6F002BB17B /* LocationModel.swift */,
				0479542A2AC18DB2002BB17B /* newCountryModel.swift */,
				0493593C2AC42004009B6673 /* PropertyInfo.swift */,
				0493593E2AC441DB009B6673 /* LanguageModel.swift */,
			);
			path = Model;
			sourceTree = "<group>";
		};
		049BEF652AA5B08D00ED2B58 /* Login */ = {
			isa = PBXGroup;
			children = (
				049BEF662AA5B0B000ED2B58 /* LoginVC.swift */,
				049BEF682AA5B0C800ED2B58 /* LoginView.swift */,
			);
			path = Login;
			sourceTree = "<group>";
		};
		049CF12D2AA9D46900FF2F1B /* Room */ = {
			isa = PBXGroup;
			children = (
				049CF12E2AA9D4D000FF2F1B /* RoomView.swift */,
				049CF1302AA9D4ED00FF2F1B /* RoomVC.swift */,
				04978F862AB81E3C00BCACC5 /* RoomTableViewCell.swift */,
			);
			path = Room;
			sourceTree = "<group>";
		};
		049CF1322AA9DC3D00FF2F1B /* MainTabBar */ = {
			isa = PBXGroup;
			children = (
				049CF1342AA9DC7600FF2F1B /* MainController.swift */,
			);
			path = MainTabBar;
			sourceTree = "<group>";
		};
		049D3A902AAD8BFD004864E9 /* MyProfile */ = {
			isa = PBXGroup;
			children = (
				049D3A912AAD8C1C004864E9 /* MyProfileView.swift */,
				049D3A932AAD9379004864E9 /* MyProfileVC.swift */,
				049D3A952AAD9EE0004864E9 /* MyProfileCell.swift */,
			);
			path = MyProfile;
			sourceTree = "<group>";
		};
		04A168A32AA8394B0065F607 /* Welcome */ = {
			isa = PBXGroup;
			children = (
				04A168A42AA839600065F607 /* WelcomeView.swift */,
				04A168A72AA83B6C0065F607 /* WelcomeVC.swift */,
			);
			path = Welcome;
			sourceTree = "<group>";
		};
		04A168A92AA83FF80065F607 /* NoConnection */ = {
			isa = PBXGroup;
			children = (
				04A168AA2AA840260065F607 /* NoConnectionVC.swift */,
				04A168AC2AA840480065F607 /* NoConnectionView.swift */,
			);
			path = NoConnection;
			sourceTree = "<group>";
		};
		04A168AE2AA840990065F607 /* Registration */ = {
			isa = PBXGroup;
			children = (
				04A168AF2AA840B60065F607 /* RegistrationView.swift */,
				04A168B12AA840E20065F607 /* RegistrationVC.swift */,
			);
			path = Registration;
			sourceTree = "<group>";
		};
		04A168B32AA854260065F607 /* DiPicker */ = {
			isa = PBXGroup;
			children = (
				04A168B42AA854400065F607 /* DIPickerVC.swift */,
				04A168B62AA8544F0065F607 /* DIPickerView.swift */,
				04A168B82AA854870065F607 /* DIPickerCell.swift */,
				04A168BA2AA8549C0065F607 /* DIPickerModel.swift */,
			);
			path = DiPicker;
			sourceTree = "<group>";
		};
		04B514A32AA71C8400E99A1B /* OTPConfirm */ = {
			isa = PBXGroup;
			children = (
				04B514A42AA71CAA00E99A1B /* OtpConfirmView.swift */,
				04B514A62AA71CDB00E99A1B /* OtpConfirmVC.swift */,
			);
			path = OTPConfirm;
			sourceTree = "<group>";
		};
		04CA49062AA446F000C69767 /* openSans */ = {
			isa = PBXGroup;
			children = (
				04CA490C2AA44D2D00C69767 /* OpenSans-Regular.ttf */,
				04CA490B2AA44D2D00C69767 /* OpenSans-SemiBold.ttf */,
				04A168A62AA839EB0065F607 /* OpenSans-Bold.ttf */,
			);
			name = openSans;
			path = Discovero/Resources/Font/openSans;
			sourceTree = "<group>";
		};
		04CA49112AA45E1600C69767 /* OnBoardingPage */ = {
			isa = PBXGroup;
			children = (
				E0FE05C62AA439C1001DBDF5 /* OnBoardingPageVC.swift */,
				04CA490F2AA4530F00C69767 /* OnBoardingPageViewCell.swift */,
				04996CC02AA489F600DB618F /* OnBoardingPageView.swift */,
			);
			path = OnBoardingPage;
			sourceTree = "<group>";
		};
		E0FE05B62AA439C1001DBDF5 = {
			isa = PBXGroup;
			children = (
				E0FE05C12AA439C1001DBDF5 /* Discovero */,
				E0FE05C02AA439C1001DBDF5 /* Products */,
			);
			sourceTree = "<group>";
		};
		E0FE05C02AA439C1001DBDF5 /* Products */ = {
			isa = PBXGroup;
			children = (
				E0FE05BF2AA439C1001DBDF5 /* Discovero.app */,
			);
			name = Products;
			sourceTree = "<group>";
		};
		E0FE05C12AA439C1001DBDF5 /* Discovero */ = {
			isa = PBXGroup;
			children = (
				E0C26D242AC3233700E1073F /* Discovero.entitlements */,
				04996CC22AA4A0C800DB618F /* Model */,
				04996CB82AA46E5E00DB618F /* Modules */,
				E0FE05E72AA43D1B001DBDF5 /* Utils */,
				E0FE05E32AA43CCC001DBDF5 /* Resources */,
				E0FE05E22AA43CB7001DBDF5 /* SupportingFiles */,
				E0FE05D02AA439C2001DBDF5 /* Info.plist */,
				E003B8912AB313240090EC9D /* GoogleService-Info.plist */,
				E003B88F2AB311C50090EC9D /* ViewController.swift */,
			);
			path = Discovero;
			sourceTree = "<group>";
		};
		E0FE05E22AA43CB7001DBDF5 /* SupportingFiles */ = {
			isa = PBXGroup;
			children = (
				E0FE05C22AA439C1001DBDF5 /* AppDelegate.swift */,
				E0FE05C42AA439C1001DBDF5 /* SceneDelegate.swift */,
				E0FE05CD2AA439C2001DBDF5 /* LaunchScreen.storyboard */,
			);
			path = SupportingFiles;
			sourceTree = "<group>";
		};
		E0FE05E32AA43CCC001DBDF5 /* Resources */ = {
			isa = PBXGroup;
			children = (
				047954262AC180AD002BB17B /* JSON Files */,
				E0FE05E42AA43CEB001DBDF5 /* Font */,
				E0FE05CB2AA439C2001DBDF5 /* Assets.xcassets */,
				04996CB92AA46F8500DB618F /* Color.xcassets */,
			);
			path = Resources;
			sourceTree = "<group>";
		};
		E0FE05E42AA43CEB001DBDF5 /* Font */ = {
			isa = PBXGroup;
			children = (
				04CA49062AA446F000C69767 /* openSans */,
			);
			path = Font;
			sourceTree = "<group>";
		};
		E0FE05E72AA43D1B001DBDF5 /* Utils */ = {
			isa = PBXGroup;
			children = (
				04996CBD2AA4723700DB618F /* CustomViews */,
				E0FE05E82AA43D1B001DBDF5 /* Validator */,
				E0FE05EB2AA43D1B001DBDF5 /* Constants */,
				E0FE05EF2AA43D1B001DBDF5 /* CustomClasses */,
				E0FE05F42AA43D1B001DBDF5 /* Extensions */,
				E0FE060F2AA43D1B001DBDF5 /* Helpers */,
			);
			path = Utils;
			sourceTree = "<group>";
		};
		E0FE05E82AA43D1B001DBDF5 /* Validator */ = {
			isa = PBXGroup;
			children = (
				E0FE05E92AA43D1B001DBDF5 /* Validator.swift */,
				E0FE05EA2AA43D1B001DBDF5 /* FieldValidator.swift */,
			);
			path = Validator;
			sourceTree = "<group>";
		};
		E0FE05EB2AA43D1B001DBDF5 /* Constants */ = {
			isa = PBXGroup;
			children = (
				E0FE05EC2AA43D1B001DBDF5 /* Constants.swift */,
				E0FE05ED2AA43D1B001DBDF5 /* ColorConstants.swift */,
				E0FE05EE2AA43D1B001DBDF5 /* FontConstants.swift */,
			);
			path = Constants;
			sourceTree = "<group>";
		};
		E0FE05EF2AA43D1B001DBDF5 /* CustomClasses */ = {
			isa = PBXGroup;
			children = (
				E0FE05F12AA43D1B001DBDF5 /* BaseViewController.swift */,
				E0FE05F22AA43D1B001DBDF5 /* HorizontalStackView.swift */,
				E0FE05F32AA43D1B001DBDF5 /* VerticalStackView.swift */,
			);
			path = CustomClasses;
			sourceTree = "<group>";
		};
		E0FE05F42AA43D1B001DBDF5 /* Extensions */ = {
			isa = PBXGroup;
			children = (
				E0FE05F52AA43D1B001DBDF5 /* UILabel+Ext.swift */,
				E0FE05F62AA43D1B001DBDF5 /* UIImageView+Ext.swift */,
				E0FE05F72AA43D1B001DBDF5 /* UIControl+Ext.swift */,
				E0FE05F82AA43D1B001DBDF5 /* Gradient+Ext.swift */,
				E0FE05F92AA43D1B001DBDF5 /* UICollectionView+Ext.swift */,
				E0FE05FA2AA43D1B001DBDF5 /* Double+Ext.swift */,
				E0FE05FB2AA43D1B001DBDF5 /* UITextField+Ext.swift */,
				E0FE05FC2AA43D1B001DBDF5 /* Bundle+Ext.swift */,
				E0FE05FD2AA43D1B001DBDF5 /* UINavigationController+Ext.swift */,
				E0FE05FE2AA43D1B001DBDF5 /* UIButton+Ext.swift */,
				E0FE05FF2AA43D1B001DBDF5 /* String+Ext.swift */,
				E0FE06002AA43D1B001DBDF5 /* UITapGestureRecognizer+Ext.swift */,
				E0FE06012AA43D1B001DBDF5 /* Collection+Ext.swift */,
				E0FE06022AA43D1B001DBDF5 /* UIAnchor+Ext.swift */,
				E0FE06032AA43D1B001DBDF5 /* UIViewController+Ext.swift */,
				E0FE06042AA43D1B001DBDF5 /* UIView+Ext.swift */,
			);
			path = Extensions;
			sourceTree = "<group>";
		};
		E0FE060F2AA43D1B001DBDF5 /* Helpers */ = {
			isa = PBXGroup;
			children = (
				0499EA4C2AC55CF200E25B15 /* FirestoreDatabaseHelper.swift */,
				E0FE06102AA43D1B001DBDF5 /* TimeFormatter.swift */,
				E0FE06112AA43D1B001DBDF5 /* EmailValidator.swift */,
				E0FE06132AA43D1B001DBDF5 /* AlertHelper.swift */,
				E0FE06142AA43D1B001DBDF5 /* UserDefaultsHelper.swift */,
				E0FE06152AA43D1B001DBDF5 /* ImagePickerHelper.swift */,
				E0FE06162AA43D1B001DBDF5 /* CameraHandler.swift */,
				E0FE06172AA43D1B001DBDF5 /* PhoneCodeHelper.swift */,
				E0FE06182AA43D1B001DBDF5 /* EnvironmentHelper.swift */,
				E0FE06192AA43D1B001DBDF5 /* DateConverterHelper.swift */,
				E0FE061B2AA43D1B001DBDF5 /* Connectivity.swift */,
			);
			path = Helpers;
			sourceTree = "<group>";
		};
/* End PBXGroup section */

/* Begin PBXNativeTarget section */
		E0FE05BE2AA439C1001DBDF5 /* Discovero */ = {
			isa = PBXNativeTarget;
			buildConfigurationList = E0FE05D32AA439C2001DBDF5 /* Build configuration list for PBXNativeTarget "Discovero" */;
			buildPhases = (
				E0FE05BB2AA439C1001DBDF5 /* Sources */,
				E0FE05BC2AA439C1001DBDF5 /* Frameworks */,
				E0FE05BD2AA439C1001DBDF5 /* Resources */,
			);
			buildRules = (
			);
			dependencies = (
			);
			name = Discovero;
			packageProductDependencies = (
				E0FE05D72AA43B57001DBDF5 /* IQKeyboardManagerSwift */,
				E0FE05DA2AA43B7E001DBDF5 /* MBProgressHUD */,
				E0FE05DD2AA43C0B001DBDF5 /* KeychainAccess */,
				E0FE05E02AA43CA2001DBDF5 /* Kingfisher */,
				E003B8852AB311AC0090EC9D /* FirebaseAnalytics */,
				E003B8872AB311AC0090EC9D /* FirebaseAuth */,
				E003B8892AB311AC0090EC9D /* FirebaseCrashlytics */,
				E003B88B2AB311AC0090EC9D /* FirebaseFirestore */,
				E003B88D2AB311AC0090EC9D /* FirebaseMessaging */,
			);
			productName = Discovero;
			productReference = E0FE05BF2AA439C1001DBDF5 /* Discovero.app */;
			productType = "com.apple.product-type.application";
		};
/* End PBXNativeTarget section */

/* Begin PBXProject section */
		E0FE05B72AA439C1001DBDF5 /* Project object */ = {
			isa = PBXProject;
			attributes = {
				BuildIndependentTargetsInParallel = 1;
				LastSwiftUpdateCheck = 1430;
				LastUpgradeCheck = 1430;
				TargetAttributes = {
					E0FE05BE2AA439C1001DBDF5 = {
						CreatedOnToolsVersion = 14.3.1;
					};
				};
			};
			buildConfigurationList = E0FE05BA2AA439C1001DBDF5 /* Build configuration list for PBXProject "Discovero" */;
			compatibilityVersion = "Xcode 14.0";
			developmentRegion = en;
			hasScannedForEncodings = 0;
			knownRegions = (
				en,
				Base,
			);
			mainGroup = E0FE05B62AA439C1001DBDF5;
			packageReferences = (
				E0FE05D62AA43B57001DBDF5 /* XCRemoteSwiftPackageReference "IQKeyboardManager" */,
				E0FE05D92AA43B7E001DBDF5 /* XCRemoteSwiftPackageReference "MBProgressHUD" */,
				E0FE05DC2AA43C0B001DBDF5 /* XCRemoteSwiftPackageReference "KeychainAccess" */,
				E0FE05DF2AA43CA2001DBDF5 /* XCRemoteSwiftPackageReference "Kingfisher" */,
				E003B8842AB311AC0090EC9D /* XCRemoteSwiftPackageReference "firebase-ios-sdk" */,
			);
			productRefGroup = E0FE05C02AA439C1001DBDF5 /* Products */;
			projectDirPath = "";
			projectRoot = "";
			targets = (
				E0FE05BE2AA439C1001DBDF5 /* Discovero */,
			);
		};
/* End PBXProject section */

/* Begin PBXResourcesBuildPhase section */
		E0FE05BD2AA439C1001DBDF5 /* Resources */ = {
			isa = PBXResourcesBuildPhase;
			buildActionMask = 2147483647;
			files = (
				E0FE05CF2AA439C2001DBDF5 /* LaunchScreen.storyboard in Resources */,
				E0FE05CC2AA439C2001DBDF5 /* Assets.xcassets in Resources */,
				04996CBA2AA46F8500DB618F /* Color.xcassets in Resources */,
				04CA490E2AA44D3600C69767 /* OpenSans-SemiBold.ttf in Resources */,
				047954292AC180D2002BB17B /* Countries.json in Resources */,
				04CA490D2AA44D3400C69767 /* OpenSans-Regular.ttf in Resources */,
				E003B8922AB313250090EC9D /* GoogleService-Info.plist in Resources */,
			);
			runOnlyForDeploymentPostprocessing = 0;
		};
/* End PBXResourcesBuildPhase section */

/* Begin PBXSourcesBuildPhase section */
		E0FE05BB2AA439C1001DBDF5 /* Sources */ = {
			isa = PBXSourcesBuildPhase;
			buildActionMask = 2147483647;
			files = (
				E0FE06432AA43D1B001DBDF5 /* UserDefaultsHelper.swift in Sources */,
				04967AC12ABB09440035B359 /* OnlyForTest.swift in Sources */,
				049D3A922AAD8C1C004864E9 /* MyProfileView.swift in Sources */,
				E0FE061D2AA43D1B001DBDF5 /* Validator.swift in Sources */,
				049CF12C2AA9AA4B00FF2F1B /* CustomSearchBar.swift in Sources */,
				E0FE06252AA43D1B001DBDF5 /* VerticalStackView.swift in Sources */,
				04CA49052AA43FEB00C69767 /* DITextField.swift in Sources */,
				049BEF692AA5B0C800ED2B58 /* LoginView.swift in Sources */,
				04A168A22AA835380065F607 /* DIOTPField.swift in Sources */,
				E003B8902AB311C50090EC9D /* ViewController.swift in Sources */,
				0479542B2AC18DB2002BB17B /* newCountryModel.swift in Sources */,
				04B514A72AA71CDB00E99A1B /* OtpConfirmVC.swift in Sources */,
				E0FE05C72AA439C1001DBDF5 /* OnBoardingPageVC.swift in Sources */,
				049CF12F2AA9D4D000FF2F1B /* RoomView.swift in Sources */,
				E0FE06402AA43D1B001DBDF5 /* EmailValidator.swift in Sources */,
				E0FE06422AA43D1B001DBDF5 /* AlertHelper.swift in Sources */,
				E0FE062A2AA43D1B001DBDF5 /* UICollectionView+Ext.swift in Sources */,
				04967AB52ABAD8BA0035B359 /* CustomSliderView.swift in Sources */,
				E0FE06352AA43D1B001DBDF5 /* UIView+Ext.swift in Sources */,
				049CF1312AA9D4ED00FF2F1B /* RoomVC.swift in Sources */,
				E0FE06212AA43D1B001DBDF5 /* FontConstants.swift in Sources */,
				049AB9CA2AC9440D007200A5 /* CustomTimer.swift in Sources */,
				04B514A52AA71CAA00E99A1B /* OtpConfirmView.swift in Sources */,
				049698542AAEFD6200CDD456 /* logModel.swift in Sources */,
				04996CBF2AA4725300DB618F /* DIButton.swift in Sources */,
				04A168B72AA8544F0065F607 /* DIPickerView.swift in Sources */,
				049D3A9A2AADBE86004864E9 /* DICustomProfileView.swift in Sources */,
				04967AB32ABAC9F40035B359 /* FilterSelectorVC.swift in Sources */,
				E0FE06472AA43D1B001DBDF5 /* EnvironmentHelper.swift in Sources */,
				E0FE06202AA43D1B001DBDF5 /* ColorConstants.swift in Sources */,
				E0FE064A2AA43D1B001DBDF5 /* Connectivity.swift in Sources */,
				E0FE061E2AA43D1B001DBDF5 /* FieldValidator.swift in Sources */,
				04A168B92AA854870065F607 /* DIPickerCell.swift in Sources */,
				0499EA4D2AC55CF200E25B15 /* FirestoreDatabaseHelper.swift in Sources */,
				E0FE06302AA43D1B001DBDF5 /* String+Ext.swift in Sources */,
				049D3A982AADA382004864E9 /* MyProfileModel.swift in Sources */,
				04956D302AB06F6A00540F44 /* ProfileItemView.swift in Sources */,
				04A168BB2AA8549C0065F607 /* DIPickerModel.swift in Sources */,
				E0FE06272AA43D1B001DBDF5 /* UIImageView+Ext.swift in Sources */,
				E0FE062E2AA43D1B001DBDF5 /* UINavigationController+Ext.swift in Sources */,
				04A168AB2AA840260065F607 /* NoConnectionVC.swift in Sources */,
				04A168B02AA840B60065F607 /* RegistrationView.swift in Sources */,
				E0FE06442AA43D1B001DBDF5 /* ImagePickerHelper.swift in Sources */,
				E0FE06462AA43D1B001DBDF5 /* PhoneCodeHelper.swift in Sources */,
				049BEF672AA5B0B000ED2B58 /* LoginVC.swift in Sources */,
				04A168A52AA839600065F607 /* WelcomeView.swift in Sources */,
				04A168AD2AA840480065F607 /* NoConnectionView.swift in Sources */,
				04996CC12AA489F600DB618F /* OnBoardingPageView.swift in Sources */,
				E0FE06332AA43D1B001DBDF5 /* UIAnchor+Ext.swift in Sources */,
				E0FE06322AA43D1B001DBDF5 /* Collection+Ext.swift in Sources */,
				E0FE06312AA43D1B001DBDF5 /* UITapGestureRecognizer+Ext.swift in Sources */,
				049BEF642AA5AD4E00ED2B58 /* DIHeaderView.swift in Sources */,
				E0FE062F2AA43D1B001DBDF5 /* UIButton+Ext.swift in Sources */,
				04967AB72ABAD9BB0035B359 /* CustomSelectorView.swift in Sources */,
				04775C412AB960E0005F9B4C /* OnSelectPageVC.swift in Sources */,
				04A168B22AA840E20065F607 /* RegistrationVC.swift in Sources */,
				E0FE062B2AA43D1B001DBDF5 /* Double+Ext.swift in Sources */,
				04996CC42AA4A10200DB618F /* OnBoardingCollectionModel.swift in Sources */,
				049AF2AB2AB6D3800033EF2F /* DIHeaderTab.swift in Sources */,
				E0FE06482AA43D1B001DBDF5 /* DateConverterHelper.swift in Sources */,
				E0FE06292AA43D1B001DBDF5 /* Gradient+Ext.swift in Sources */,
				E0FE062C2AA43D1B001DBDF5 /* UITextField+Ext.swift in Sources */,
				04A168A82AA83B6C0065F607 /* WelcomeVC.swift in Sources */,
				04CA49102AA4530F00C69767 /* OnBoardingPageViewCell.swift in Sources */,
				04956D2E2AB06F4900540F44 /* ProfileItemVC.swift in Sources */,
				E0FE06232AA43D1B001DBDF5 /* BaseViewController.swift in Sources */,
				049AF2AD2AB70A600033EF2F /* FilterView.swift in Sources */,
				04775C432AB96106005F9B4C /* OnSelectPageView.swift in Sources */,
				049D3A962AAD9EE0004864E9 /* MyProfileCell.swift in Sources */,
				E0FE06262AA43D1B001DBDF5 /* UILabel+Ext.swift in Sources */,
				E0FE05C32AA439C1001DBDF5 /* AppDelegate.swift in Sources */,
				04967AB12ABAC9E40035B359 /* FilterSelectorView.swift in Sources */,
				049BEF602AA593EA00ED2B58 /* DIPageViewController.swift in Sources */,
				04A168B52AA854400065F607 /* DIPickerVC.swift in Sources */,
				E0FE063F2AA43D1B001DBDF5 /* TimeFormatter.swift in Sources */,
				E0FE05C52AA439C1001DBDF5 /* SceneDelegate.swift in Sources */,
				E0FE06242AA43D1B001DBDF5 /* HorizontalStackView.swift in Sources */,
				04956D292AB01D8A00540F44 /* CustomAdView.swift in Sources */,
				E0FE06452AA43D1B001DBDF5 /* CameraHandler.swift in Sources */,
				049CF1352AA9DC7600FF2F1B /* MainController.swift in Sources */,
				E0FE062D2AA43D1B001DBDF5 /* Bundle+Ext.swift in Sources */,
				E0FE061F2AA43D1B001DBDF5 /* Constants.swift in Sources */,
				04978F872AB81E3C00BCACC5 /* RoomTableViewCell.swift in Sources */,
				04775C452AB96E65005F9B4C /* CustomComments.swift in Sources */,
				049D3A942AAD9379004864E9 /* MyProfileVC.swift in Sources */,
				E0FE06282AA43D1B001DBDF5 /* UIControl+Ext.swift in Sources */,
				E0FE06342AA43D1B001DBDF5 /* UIViewController+Ext.swift in Sources */,
				047954252AC16C6F002BB17B /* LocationModel.swift in Sources */,
				0493593D2AC42004009B6673 /* PropertyInfo.swift in Sources */,
				04967ABE2ABB07280035B359 /* SlidableItemView.swift in Sources */,
				0493593F2AC441DB009B6673 /* LanguageModel.swift in Sources */,
			);
			runOnlyForDeploymentPostprocessing = 0;
		};
/* End PBXSourcesBuildPhase section */

/* Begin PBXVariantGroup section */
		E0FE05CD2AA439C2001DBDF5 /* LaunchScreen.storyboard */ = {
			isa = PBXVariantGroup;
			children = (
				E0FE05CE2AA439C2001DBDF5 /* Base */,
			);
			name = LaunchScreen.storyboard;
			sourceTree = "<group>";
		};
/* End PBXVariantGroup section */

/* Begin XCBuildConfiguration section */
		E0FE05D12AA439C2001DBDF5 /* Debug */ = {
			isa = XCBuildConfiguration;
			buildSettings = {
				ALWAYS_SEARCH_USER_PATHS = NO;
				CLANG_ANALYZER_NONNULL = YES;
				CLANG_ANALYZER_NUMBER_OBJECT_CONVERSION = YES_AGGRESSIVE;
				CLANG_CXX_LANGUAGE_STANDARD = "gnu++20";
				CLANG_ENABLE_MODULES = YES;
				CLANG_ENABLE_OBJC_ARC = YES;
				CLANG_ENABLE_OBJC_WEAK = YES;
				CLANG_WARN_BLOCK_CAPTURE_AUTORELEASING = YES;
				CLANG_WARN_BOOL_CONVERSION = YES;
				CLANG_WARN_COMMA = YES;
				CLANG_WARN_CONSTANT_CONVERSION = YES;
				CLANG_WARN_DEPRECATED_OBJC_IMPLEMENTATIONS = YES;
				CLANG_WARN_DIRECT_OBJC_ISA_USAGE = YES_ERROR;
				CLANG_WARN_DOCUMENTATION_COMMENTS = YES;
				CLANG_WARN_EMPTY_BODY = YES;
				CLANG_WARN_ENUM_CONVERSION = YES;
				CLANG_WARN_INFINITE_RECURSION = YES;
				CLANG_WARN_INT_CONVERSION = YES;
				CLANG_WARN_NON_LITERAL_NULL_CONVERSION = YES;
				CLANG_WARN_OBJC_IMPLICIT_RETAIN_SELF = YES;
				CLANG_WARN_OBJC_LITERAL_CONVERSION = YES;
				CLANG_WARN_OBJC_ROOT_CLASS = YES_ERROR;
				CLANG_WARN_QUOTED_INCLUDE_IN_FRAMEWORK_HEADER = YES;
				CLANG_WARN_RANGE_LOOP_ANALYSIS = YES;
				CLANG_WARN_STRICT_PROTOTYPES = YES;
				CLANG_WARN_SUSPICIOUS_MOVE = YES;
				CLANG_WARN_UNGUARDED_AVAILABILITY = YES_AGGRESSIVE;
				CLANG_WARN_UNREACHABLE_CODE = YES;
				CLANG_WARN__DUPLICATE_METHOD_MATCH = YES;
				COPY_PHASE_STRIP = NO;
				DEBUG_INFORMATION_FORMAT = dwarf;
				ENABLE_STRICT_OBJC_MSGSEND = YES;
				ENABLE_TESTABILITY = YES;
				GCC_C_LANGUAGE_STANDARD = gnu11;
				GCC_DYNAMIC_NO_PIC = NO;
				GCC_NO_COMMON_BLOCKS = YES;
				GCC_OPTIMIZATION_LEVEL = 0;
				GCC_PREPROCESSOR_DEFINITIONS = (
					"DEBUG=1",
					"$(inherited)",
				);
				GCC_WARN_64_TO_32_BIT_CONVERSION = YES;
				GCC_WARN_ABOUT_RETURN_TYPE = YES_ERROR;
				GCC_WARN_UNDECLARED_SELECTOR = YES;
				GCC_WARN_UNINITIALIZED_AUTOS = YES_AGGRESSIVE;
				GCC_WARN_UNUSED_FUNCTION = YES;
				GCC_WARN_UNUSED_VARIABLE = YES;
				IPHONEOS_DEPLOYMENT_TARGET = 16.4;
				MTL_ENABLE_DEBUG_INFO = INCLUDE_SOURCE;
				MTL_FAST_MATH = YES;
				ONLY_ACTIVE_ARCH = YES;
				SDKROOT = iphoneos;
				SWIFT_ACTIVE_COMPILATION_CONDITIONS = DEBUG;
				SWIFT_OPTIMIZATION_LEVEL = "-Onone";
			};
			name = Debug;
		};
		E0FE05D22AA439C2001DBDF5 /* Release */ = {
			isa = XCBuildConfiguration;
			buildSettings = {
				ALWAYS_SEARCH_USER_PATHS = NO;
				CLANG_ANALYZER_NONNULL = YES;
				CLANG_ANALYZER_NUMBER_OBJECT_CONVERSION = YES_AGGRESSIVE;
				CLANG_CXX_LANGUAGE_STANDARD = "gnu++20";
				CLANG_ENABLE_MODULES = YES;
				CLANG_ENABLE_OBJC_ARC = YES;
				CLANG_ENABLE_OBJC_WEAK = YES;
				CLANG_WARN_BLOCK_CAPTURE_AUTORELEASING = YES;
				CLANG_WARN_BOOL_CONVERSION = YES;
				CLANG_WARN_COMMA = YES;
				CLANG_WARN_CONSTANT_CONVERSION = YES;
				CLANG_WARN_DEPRECATED_OBJC_IMPLEMENTATIONS = YES;
				CLANG_WARN_DIRECT_OBJC_ISA_USAGE = YES_ERROR;
				CLANG_WARN_DOCUMENTATION_COMMENTS = YES;
				CLANG_WARN_EMPTY_BODY = YES;
				CLANG_WARN_ENUM_CONVERSION = YES;
				CLANG_WARN_INFINITE_RECURSION = YES;
				CLANG_WARN_INT_CONVERSION = YES;
				CLANG_WARN_NON_LITERAL_NULL_CONVERSION = YES;
				CLANG_WARN_OBJC_IMPLICIT_RETAIN_SELF = YES;
				CLANG_WARN_OBJC_LITERAL_CONVERSION = YES;
				CLANG_WARN_OBJC_ROOT_CLASS = YES_ERROR;
				CLANG_WARN_QUOTED_INCLUDE_IN_FRAMEWORK_HEADER = YES;
				CLANG_WARN_RANGE_LOOP_ANALYSIS = YES;
				CLANG_WARN_STRICT_PROTOTYPES = YES;
				CLANG_WARN_SUSPICIOUS_MOVE = YES;
				CLANG_WARN_UNGUARDED_AVAILABILITY = YES_AGGRESSIVE;
				CLANG_WARN_UNREACHABLE_CODE = YES;
				CLANG_WARN__DUPLICATE_METHOD_MATCH = YES;
				COPY_PHASE_STRIP = NO;
				DEBUG_INFORMATION_FORMAT = "dwarf-with-dsym";
				ENABLE_NS_ASSERTIONS = NO;
				ENABLE_STRICT_OBJC_MSGSEND = YES;
				GCC_C_LANGUAGE_STANDARD = gnu11;
				GCC_NO_COMMON_BLOCKS = YES;
				GCC_WARN_64_TO_32_BIT_CONVERSION = YES;
				GCC_WARN_ABOUT_RETURN_TYPE = YES_ERROR;
				GCC_WARN_UNDECLARED_SELECTOR = YES;
				GCC_WARN_UNINITIALIZED_AUTOS = YES_AGGRESSIVE;
				GCC_WARN_UNUSED_FUNCTION = YES;
				GCC_WARN_UNUSED_VARIABLE = YES;
				IPHONEOS_DEPLOYMENT_TARGET = 16.4;
				MTL_ENABLE_DEBUG_INFO = NO;
				MTL_FAST_MATH = YES;
				SDKROOT = iphoneos;
				SWIFT_COMPILATION_MODE = wholemodule;
				SWIFT_OPTIMIZATION_LEVEL = "-O";
				VALIDATE_PRODUCT = YES;
			};
			name = Release;
		};
		E0FE05D42AA439C2001DBDF5 /* Debug */ = {
			isa = XCBuildConfiguration;
			buildSettings = {
				ASSETCATALOG_COMPILER_APPICON_NAME = AppIcon;
				ASSETCATALOG_COMPILER_GLOBAL_ACCENT_COLOR_NAME = AccentColor;
				CODE_SIGN_ENTITLEMENTS = Discovero/Discovero.entitlements;
				CODE_SIGN_STYLE = Automatic;
				CURRENT_PROJECT_VERSION = 1;
				DEVELOPMENT_TEAM = RFPH376797;
				GENERATE_INFOPLIST_FILE = YES;
				INFOPLIST_FILE = Discovero/Info.plist;
				INFOPLIST_KEY_UIApplicationSupportsIndirectInputEvents = YES;
				INFOPLIST_KEY_UILaunchStoryboardName = LaunchScreen;
				INFOPLIST_KEY_UIStatusBarStyle = UIStatusBarStyleLightContent;
				INFOPLIST_KEY_UISupportedInterfaceOrientations = UIInterfaceOrientationPortrait;
				INFOPLIST_KEY_UISupportedInterfaceOrientations_iPad = "UIInterfaceOrientationLandscapeLeft UIInterfaceOrientationLandscapeRight UIInterfaceOrientationPortrait UIInterfaceOrientationPortraitUpsideDown";
				IPHONEOS_DEPLOYMENT_TARGET = 16.0;
				LD_RUNPATH_SEARCH_PATHS = (
					"$(inherited)",
					"@executable_path/Frameworks",
				);
				MARKETING_VERSION = 1.0;
				PRODUCT_BUNDLE_IDENTIFIER = com.aeniac.Discovero;
				PRODUCT_NAME = "$(TARGET_NAME)";
				SUPPORTED_PLATFORMS = "iphoneos iphonesimulator";
				SUPPORTS_MACCATALYST = NO;
				SUPPORTS_MAC_DESIGNED_FOR_IPHONE_IPAD = NO;
				SWIFT_EMIT_LOC_STRINGS = YES;
				SWIFT_VERSION = 5.0;
				TARGETED_DEVICE_FAMILY = 1;
			};
			name = Debug;
		};
		E0FE05D52AA439C2001DBDF5 /* Release */ = {
			isa = XCBuildConfiguration;
			buildSettings = {
				ASSETCATALOG_COMPILER_APPICON_NAME = AppIcon;
				ASSETCATALOG_COMPILER_GLOBAL_ACCENT_COLOR_NAME = AccentColor;
				CODE_SIGN_ENTITLEMENTS = Discovero/Discovero.entitlements;
				CODE_SIGN_STYLE = Automatic;
				CURRENT_PROJECT_VERSION = 1;
				DEVELOPMENT_TEAM = RFPH376797;
				GENERATE_INFOPLIST_FILE = YES;
				INFOPLIST_FILE = Discovero/Info.plist;
				INFOPLIST_KEY_UIApplicationSupportsIndirectInputEvents = YES;
				INFOPLIST_KEY_UILaunchStoryboardName = LaunchScreen;
				INFOPLIST_KEY_UIStatusBarStyle = UIStatusBarStyleLightContent;
				INFOPLIST_KEY_UISupportedInterfaceOrientations = UIInterfaceOrientationPortrait;
				INFOPLIST_KEY_UISupportedInterfaceOrientations_iPad = "UIInterfaceOrientationLandscapeLeft UIInterfaceOrientationLandscapeRight UIInterfaceOrientationPortrait UIInterfaceOrientationPortraitUpsideDown";
				IPHONEOS_DEPLOYMENT_TARGET = 16.0;
				LD_RUNPATH_SEARCH_PATHS = (
					"$(inherited)",
					"@executable_path/Frameworks",
				);
				MARKETING_VERSION = 1.0;
				PRODUCT_BUNDLE_IDENTIFIER = com.aeniac.Discovero;
				PRODUCT_NAME = "$(TARGET_NAME)";
				SUPPORTED_PLATFORMS = "iphoneos iphonesimulator";
				SUPPORTS_MACCATALYST = NO;
				SUPPORTS_MAC_DESIGNED_FOR_IPHONE_IPAD = NO;
				SWIFT_EMIT_LOC_STRINGS = YES;
				SWIFT_VERSION = 5.0;
				TARGETED_DEVICE_FAMILY = 1;
			};
			name = Release;
		};
/* End XCBuildConfiguration section */

/* Begin XCConfigurationList section */
		E0FE05BA2AA439C1001DBDF5 /* Build configuration list for PBXProject "Discovero" */ = {
			isa = XCConfigurationList;
			buildConfigurations = (
				E0FE05D12AA439C2001DBDF5 /* Debug */,
				E0FE05D22AA439C2001DBDF5 /* Release */,
			);
			defaultConfigurationIsVisible = 0;
			defaultConfigurationName = Release;
		};
		E0FE05D32AA439C2001DBDF5 /* Build configuration list for PBXNativeTarget "Discovero" */ = {
			isa = XCConfigurationList;
			buildConfigurations = (
				E0FE05D42AA439C2001DBDF5 /* Debug */,
				E0FE05D52AA439C2001DBDF5 /* Release */,
			);
			defaultConfigurationIsVisible = 0;
			defaultConfigurationName = Release;
		};
/* End XCConfigurationList section */

/* Begin XCRemoteSwiftPackageReference section */
		E003B8842AB311AC0090EC9D /* XCRemoteSwiftPackageReference "firebase-ios-sdk" */ = {
			isa = XCRemoteSwiftPackageReference;
			repositoryURL = "https://github.com/firebase/firebase-ios-sdk.git";
			requirement = {
				kind = upToNextMajorVersion;
				minimumVersion = 10.0.0;
			};
		};
		E0FE05D62AA43B57001DBDF5 /* XCRemoteSwiftPackageReference "IQKeyboardManager" */ = {
			isa = XCRemoteSwiftPackageReference;
			repositoryURL = "https://github.com/hackiftekhar/IQKeyboardManager.git";
			requirement = {
				kind = upToNextMajorVersion;
				minimumVersion = 6.5.0;
			};
		};
		E0FE05D92AA43B7E001DBDF5 /* XCRemoteSwiftPackageReference "MBProgressHUD" */ = {
			isa = XCRemoteSwiftPackageReference;
			repositoryURL = "https://github.com/jdg/MBProgressHUD.git";
			requirement = {
				kind = upToNextMajorVersion;
				minimumVersion = 1.0.0;
			};
		};
		E0FE05DC2AA43C0B001DBDF5 /* XCRemoteSwiftPackageReference "KeychainAccess" */ = {
			isa = XCRemoteSwiftPackageReference;
			repositoryURL = "https://github.com/kishikawakatsumi/KeychainAccess.git";
			requirement = {
				branch = master;
				kind = branch;
			};
		};
		E0FE05DF2AA43CA2001DBDF5 /* XCRemoteSwiftPackageReference "Kingfisher" */ = {
			isa = XCRemoteSwiftPackageReference;
			repositoryURL = "https://github.com/onevcat/Kingfisher.git";
			requirement = {
				kind = upToNextMajorVersion;
				minimumVersion = 7.0.0;
			};
		};
/* End XCRemoteSwiftPackageReference section */

/* Begin XCSwiftPackageProductDependency section */
		E003B8852AB311AC0090EC9D /* FirebaseAnalytics */ = {
			isa = XCSwiftPackageProductDependency;
			package = E003B8842AB311AC0090EC9D /* XCRemoteSwiftPackageReference "firebase-ios-sdk" */;
			productName = FirebaseAnalytics;
		};
		E003B8872AB311AC0090EC9D /* FirebaseAuth */ = {
			isa = XCSwiftPackageProductDependency;
			package = E003B8842AB311AC0090EC9D /* XCRemoteSwiftPackageReference "firebase-ios-sdk" */;
			productName = FirebaseAuth;
		};
		E003B8892AB311AC0090EC9D /* FirebaseCrashlytics */ = {
			isa = XCSwiftPackageProductDependency;
			package = E003B8842AB311AC0090EC9D /* XCRemoteSwiftPackageReference "firebase-ios-sdk" */;
			productName = FirebaseCrashlytics;
		};
		E003B88B2AB311AC0090EC9D /* FirebaseFirestore */ = {
			isa = XCSwiftPackageProductDependency;
			package = E003B8842AB311AC0090EC9D /* XCRemoteSwiftPackageReference "firebase-ios-sdk" */;
			productName = FirebaseFirestore;
		};
		E003B88D2AB311AC0090EC9D /* FirebaseMessaging */ = {
			isa = XCSwiftPackageProductDependency;
			package = E003B8842AB311AC0090EC9D /* XCRemoteSwiftPackageReference "firebase-ios-sdk" */;
			productName = FirebaseMessaging;
		};
		E0FE05D72AA43B57001DBDF5 /* IQKeyboardManagerSwift */ = {
			isa = XCSwiftPackageProductDependency;
			package = E0FE05D62AA43B57001DBDF5 /* XCRemoteSwiftPackageReference "IQKeyboardManager" */;
			productName = IQKeyboardManagerSwift;
		};
		E0FE05DA2AA43B7E001DBDF5 /* MBProgressHUD */ = {
			isa = XCSwiftPackageProductDependency;
			package = E0FE05D92AA43B7E001DBDF5 /* XCRemoteSwiftPackageReference "MBProgressHUD" */;
			productName = MBProgressHUD;
		};
		E0FE05DD2AA43C0B001DBDF5 /* KeychainAccess */ = {
			isa = XCSwiftPackageProductDependency;
			package = E0FE05DC2AA43C0B001DBDF5 /* XCRemoteSwiftPackageReference "KeychainAccess" */;
			productName = KeychainAccess;
		};
		E0FE05E02AA43CA2001DBDF5 /* Kingfisher */ = {
			isa = XCSwiftPackageProductDependency;
			package = E0FE05DF2AA43CA2001DBDF5 /* XCRemoteSwiftPackageReference "Kingfisher" */;
			productName = Kingfisher;
		};
/* End XCSwiftPackageProductDependency section */
	};
	rootObject = E0FE05B72AA439C1001DBDF5 /* Project object */;
}
